
Microsoft Visual Studio Solution File, Format Version 12.00
# Visual Studio Version 17
VisualStudioVersion = 17.3.32804.467
MinimumVisualStudioVersion = 10.0.40219.1
Project("{FAE04EC0-301F-11D3-BF4B-00C04F79EFBC}") = "firstproj", "firstproj.csproj", "{B58FC407-C92A-4A30-BFF5-BE7D019D0E79}"
EndProject
Global
	GlobalSection(SolutionConfigurationPlatforms) = preSolution
		Debug|Any CPU = Debug|Any CPU
		Release|Any CPU = Release|Any CPU
	EndGlobalSection
	GlobalSection(ProjectConfigurationPlatforms) = postSolution
		{B58FC407-C92A-4A30-BFF5-BE7D019D0E79}.Debug|Any CPU.ActiveCfg = Debug|Any CPU
		{B58FC407-C92A-4A30-BFF5-BE7D019D0E79}.Debug|Any CPU.Build.0 = Debug|Any CPU
		{B58FC407-C92A-4A30-BFF5-BE7D019D0E79}.Release|Any CPU.ActiveCfg = Release|Any CPU
		{B58FC407-C92A-4A30-BFF5-BE7D019D0E79}.Release|Any CPU.Build.0 = Release|Any CPU
	EndGlobalSection
	GlobalSection(SolutionProperties) = preSolution
		HideSolutionNode = FALSE
	EndGlobalSection
	GlobalSection(ExtensibilityGlobals) = postSolution
		SolutionGuid = {99276307-6350-4452-B10A-602FDCF92527}
	EndGlobalSection
EndGlobal
